PODS:
  - AmaniSDK (2.2.14):
    - OpenSSL-Universal (~> 1.1.1100)
  - Flutter (1.0.0)
  - flutter_amanisdk_v2 (1.0.9):
    - AmaniSDK
    - Flutter
  - OpenSSL-Universal (1.1.1900)

DEPENDENCIES:
  - Flutter (from `Flutter`)
  - flutter_amanisdk_v2 (from `.symlinks/plugins/flutter_amanisdk_v2/ios`)

SPEC REPOS:
  https://github.com/AmaniTechnologiesLtd/Mobile_SDK_Repo:
    - AmaniSDK
  https://github.com/CocoaPods/Specs:
    - OpenSSL-Universal

EXTERNAL SOURCES:
  Flutter:
    :path: Flutter
  flutter_amanisdk_v2:
    :path: ".symlinks/plugins/flutter_amanisdk_v2/ios"

SPEC CHECKSUMS:
  AmaniSDK: b345c456f995945e2ae188ccd0b64bb2b4be283d
  Flutter: f04841e97a9d0b0a8025694d0796dd46242b2854
  flutter_amanisdk_v2: b9f71d761acb854bf136c499a6127181e340751e
  OpenSSL-Universal: 84efb8a29841f2764ac5403e0c4119a28b713346

PODFILE CHECKSUM: bcae6c5688240c5ba87a70800c3bf2858ce29156

COCOAPODS: 1.11.3
