PODS:
  - AmaniSDK (2.3.2):
    - OpenSSL-Universal (~> 1.1.1100)
  - Flutter (1.0.0)
  - flutter_amanisdk_v2 (1.2.1):
    - AmaniSDK
    - Flutter
  - OpenSSL-Universal (1.1.2000)

DEPENDENCIES:
  - Flutter (from `Flutter`)
  - flutter_amanisdk_v2 (from `.symlinks/plugins/flutter_amanisdk_v2/ios`)

SPEC REPOS:
  https://github.com/AmaniTechnologiesLtd/Mobile_SDK_Repo:
    - AmaniSDK
  https://github.com/CocoaPods/Specs:
    - OpenSSL-Universal

EXTERNAL SOURCES:
  Flutter:
    :path: Flutter
  flutter_amanisdk_v2:
    :path: ".symlinks/plugins/flutter_amanisdk_v2/ios"

SPEC CHECKSUMS:
  AmaniSDK: e6a10edfac212934d5609eac2488dd5a47ad360f
  Flutter: f04841e97a9d0b0a8025694d0796dd46242b2854
  flutter_amanisdk_v2: 03b5c0dd9f2a14f8a4c5ae98a208cacc18cefd79
  OpenSSL-Universal: 708e3d1e616a2c40f09a880aafc4b14d2f2a61ec

PODFILE CHECKSUM: bcae6c5688240c5ba87a70800c3bf2858ce29156

COCOAPODS: 1.12.0
